{
  "name": "living-architecture-nodes-action",
  "version": "0.1.3",
  "lockfileVersion": 3,
  "requires": true,
  "packages": {
    "": {
      "name": "living-architecture-nodes-action",
      "version": "0.1.3",
      "license": "SEE LICENSE IN LICENSE",
      "engines": {
        "node": ">=20"
      }
    }
  }
}
